
Microsoft Visual Studio Solution File, Format Version 12.00
# Visual Studio Version 17
VisualStudioVersion = 17.9.34310.174
MinimumVisualStudioVersion = 10.0.40219.1
Project("{9A19103F-16F7-4668-BE54-9A1E7A4F7556}") = "AESDLab.Tests", "AESDLab.Tests\AESDLab.Tests.csproj", "{9D19CDAC-4F91-4637-9C56-AF7DE240A6BF}"
EndProject
Project("{9A19103F-16F7-4668-BE54-9A1E7A4F7556}") = "AESDLab", "AESDLab\AESDLab.csproj", "{8E1706A6-9D62-4EE7-81CD-F4EDE2A203EE}"
EndProject
Global
	GlobalSection(SolutionConfigurationPlatforms) = preSolution
		Debug|Any CPU = Debug|Any CPU
		Release|Any CPU = Release|Any CPU
	EndGlobalSection
	GlobalSection(ProjectConfigurationPlatforms) = postSolution
		{9D19CDAC-4F91-4637-9C56-AF7DE240A6BF}.Debug|Any CPU.ActiveCfg = Debug|Any CPU
		{9D19CDAC-4F91-4637-9C56-AF7DE240A6BF}.Debug|Any CPU.Build.0 = Debug|Any CPU
		{9D19CDAC-4F91-4637-9C56-AF7DE240A6BF}.Release|Any CPU.ActiveCfg = Release|Any CPU
		{9D19CDAC-4F91-4637-9C56-AF7DE240A6BF}.Release|Any CPU.Build.0 = Release|Any CPU
		{8E1706A6-9D62-4EE7-81CD-F4EDE2A203EE}.Debug|Any CPU.ActiveCfg = Debug|Any CPU
		{8E1706A6-9D62-4EE7-81CD-F4EDE2A203EE}.Debug|Any CPU.Build.0 = Debug|Any CPU
		{8E1706A6-9D62-4EE7-81CD-F4EDE2A203EE}.Release|Any CPU.ActiveCfg = Release|Any CPU
		{8E1706A6-9D62-4EE7-81CD-F4EDE2A203EE}.Release|Any CPU.Build.0 = Release|Any CPU
	EndGlobalSection
	GlobalSection(SolutionProperties) = preSolution
		HideSolutionNode = FALSE
	EndGlobalSection
	GlobalSection(ExtensibilityGlobals) = postSolution
		SolutionGuid = {743DF34D-C5AE-4326-A84A-B9B4A9991329}
	EndGlobalSection
EndGlobal
